{
  "lockfile_version": "1",
  "packages": {
    "nodejs@latest": {
      "last_modified": "2024-11-16T04:25:12Z",
      "plugin_version": "0.0.2",
      "resolved": "github:NixOS/nixpkgs/34a626458d686f1b58139620a8b2793e9e123bba#nodejs_23",
      "source": "devbox-search",
      "version": "23.2.0",
      "systems": {
        "aarch64-darwin": {
          "outputs": [
            {
              "name": "out",
              "path": "/nix/store/skzakw270yy02jf7bzpamgm52hs0dqba-nodejs-23.2.0",
              "default": true
            },
            {
              "name": "libv8",
              "path": "/nix/store/zciaazv5pj7gjwgvmx1zzaks0ivzkagp-nodejs-23.2.0-libv8"
            }
          ],
          "store_path": "/nix/store/skzakw270yy02jf7bzpamgm52hs0dqba-nodejs-23.2.0"
        },
        "aarch64-linux": {
          "outputs": [
            {
              "name": "out",
              "path": "/nix/store/6kphj24a6120lqlnyl9mgy3cjx270yrz-nodejs-23.2.0",
              "default": true
            },
            {
              "name": "libv8",
              "path": "/nix/store/cw29i7g77g7azbj0p1ffplll9mxv6awc-nodejs-23.2.0-libv8"
            }
          ],
          "store_path": "/nix/store/6kphj24a6120lqlnyl9mgy3cjx270yrz-nodejs-23.2.0"
        },
        "x86_64-darwin": {
          "outputs": [
            {
              "name": "out",
              "path": "/nix/store/ji8g9jf9vmkcppnhjp1z4j297f9mqm58-nodejs-23.2.0",
              "default": true
            },
            {
              "name": "libv8",
              "path": "/nix/store/7dhja4ixbfbxnvlkgzfbh39r1w4iziy5-nodejs-23.2.0-libv8"
            }
          ],
          "store_path": "/nix/store/ji8g9jf9vmkcppnhjp1z4j297f9mqm58-nodejs-23.2.0"
        },
        "x86_64-linux": {
          "outputs": [
            {
              "name": "out",
              "path": "/nix/store/763x1cb7zrbsf3lzp7sp3n0xagzpq96p-nodejs-23.2.0",
              "default": true
            },
            {
              "name": "libv8",
              "path": "/nix/store/kf5vzlxdqcf6asr8xm65is8miypipwcg-nodejs-23.2.0-libv8"
            }
          ],
          "store_path": "/nix/store/763x1cb7zrbsf3lzp7sp3n0xagzpq96p-nodejs-23.2.0"
        }
      }
    },
    "python@3.10": {
      "last_modified": "2024-11-16T04:25:12Z",
      "plugin_version": "0.0.4",
      "resolved": "github:NixOS/nixpkgs/34a626458d686f1b58139620a8b2793e9e123bba#python310",
      "source": "devbox-search",
      "version": "3.10.15",
      "systems": {
        "aarch64-darwin": {
          "outputs": [
            {
              "name": "out",
              "path": "/nix/store/7vblc419qyfhwk47miwp2bvs4f8v0l4b-python3-3.10.15",
              "default": true
            }
          ],
          "store_path": "/nix/store/7vblc419qyfhwk47miwp2bvs4f8v0l4b-python3-3.10.15"
        },
        "aarch64-linux": {
          "outputs": [
            {
              "name": "out",
              "path": "/nix/store/8d6virwj71xi83gmr1izwxka1lhsm1i1-python3-3.10.15",
              "default": true
            },
            {
              "name": "debug",
              "path": "/nix/store/iva556jlyxibxq5zhcggzcg7s8ka8rgy-python3-3.10.15-debug"
            }
          ],
          "store_path": "/nix/store/8d6virwj71xi83gmr1izwxka1lhsm1i1-python3-3.10.15"
        },
        "x86_64-darwin": {
          "outputs": [
            {
              "name": "out",
              "path": "/nix/store/xhf7sfd6v2701115dpcngzz96zfk7hbp-python3-3.10.15",
              "default": true
            }
          ],
          "store_path": "/nix/store/xhf7sfd6v2701115dpcngzz96zfk7hbp-python3-3.10.15"
        },
        "x86_64-linux": {
          "outputs": [
            {
              "name": "out",
              "path": "/nix/store/mhy6lrpfw2y5chdn37l2ab0dyl00rmic-python3-3.10.15",
              "default": true
            },
            {
              "name": "debug",
              "path": "/nix/store/v6ifqqnj09m2avqqd2gf51x2i8girlkv-python3-3.10.15-debug"
            }
          ],
          "store_path": "/nix/store/mhy6lrpfw2y5chdn37l2ab0dyl00rmic-python3-3.10.15"
        }
      }
    }
  }
}
